
Microsoft Visual Studio Solution File, Format Version 12.00
# Visual Studio Version 16
VisualStudioVersion = 16.0.31424.327
MinimumVisualStudioVersion = 10.0.40219.1
Project("{9A19103F-16F7-4668-BE54-9A1E7A4F7556}") = "AuctionAspNetMVCProject", "AuctionAspNetMVCProject\AuctionAspNetMVCProject.csproj", "{92772918-3593-434A-9AF0-4AC29DC247B3}"
EndProject
Project("{FAE04EC0-301F-11D3-BF4B-00C04F79EFBC}") = "AuctionAspNetMVCProject.Data", "AuctionAspNetMVCProject.Data\AuctionAspNetMVCProject.Data.csproj", "{E69AD5D6-3903-4102-8C5C-B34586ACE3C1}"
EndProject
Project("{2150E333-8FDC-42A3-9474-1A3956D46DE8}") = "1 - Presentation Layer", "1 - Presentation Layer", "{9730D825-E901-4AC5-820B-CBB932E81600}"
EndProject
Project("{2150E333-8FDC-42A3-9474-1A3956D46DE8}") = "2 - Repository Layer", "2 - Repository Layer", "{0791C2AE-D964-4E9E-9D5C-9F9C9A7176B8}"
EndProject
Global
	GlobalSection(SolutionConfigurationPlatforms) = preSolution
		Debug|Any CPU = Debug|Any CPU
		Release|Any CPU = Release|Any CPU
	EndGlobalSection
	GlobalSection(ProjectConfigurationPlatforms) = postSolution
		{92772918-3593-434A-9AF0-4AC29DC247B3}.Debug|Any CPU.ActiveCfg = Debug|Any CPU
		{92772918-3593-434A-9AF0-4AC29DC247B3}.Debug|Any CPU.Build.0 = Debug|Any CPU
		{92772918-3593-434A-9AF0-4AC29DC247B3}.Release|Any CPU.ActiveCfg = Release|Any CPU
		{92772918-3593-434A-9AF0-4AC29DC247B3}.Release|Any CPU.Build.0 = Release|Any CPU
		{E69AD5D6-3903-4102-8C5C-B34586ACE3C1}.Debug|Any CPU.ActiveCfg = Debug|Any CPU
		{E69AD5D6-3903-4102-8C5C-B34586ACE3C1}.Debug|Any CPU.Build.0 = Debug|Any CPU
		{E69AD5D6-3903-4102-8C5C-B34586ACE3C1}.Release|Any CPU.ActiveCfg = Release|Any CPU
		{E69AD5D6-3903-4102-8C5C-B34586ACE3C1}.Release|Any CPU.Build.0 = Release|Any CPU
	EndGlobalSection
	GlobalSection(SolutionProperties) = preSolution
		HideSolutionNode = FALSE
	EndGlobalSection
	GlobalSection(NestedProjects) = preSolution
		{92772918-3593-434A-9AF0-4AC29DC247B3} = {9730D825-E901-4AC5-820B-CBB932E81600}
		{E69AD5D6-3903-4102-8C5C-B34586ACE3C1} = {0791C2AE-D964-4E9E-9D5C-9F9C9A7176B8}
	EndGlobalSection
	GlobalSection(ExtensibilityGlobals) = postSolution
		SolutionGuid = {04037DD3-FFBA-47C1-93DA-155D6C976245}
	EndGlobalSection
EndGlobal
